{
  "object": {
    "pins": [
      {
        "package": "async-http-client",
        "repositoryURL": "https://github.com/swift-server/async-http-client.git",
        "state": {
          "branch": null,
          "revision": "1081b0b0541f535ca088acdb56f5ca5598bc6247",
          "version": "1.6.3"
        }
      },
      {
        "package": "jmespath.swift",
        "repositoryURL": "https://github.com/adam-fowler/jmespath.swift.git",
        "state": {
          "branch": null,
          "revision": "4a166ea71f0d9e9cc3523fc3dee516080a4c36a0",
          "version": "1.0.0"
        }
      },
      {
        "package": "soto",
        "repositoryURL": "https://github.com/soto-project/soto.git",
        "state": {
          "branch": null,
          "revision": "c735c22ce67c78b39664fb6f63e3b340c97d024c",
          "version": "5.10.0"
        }
      },
      {
        "package": "soto-core",
        "repositoryURL": "https://github.com/soto-project/soto-core.git",
        "state": {
          "branch": null,
          "revision": "41f4beb6396ad8c8fdff6092bcdba018d9b87f4e",
          "version": "5.7.2"
        }
      },
      {
        "package": "swift-log",
        "repositoryURL": "https://github.com/apple/swift-log.git",
        "state": {
          "branch": null,
          "revision": "5d66f7ba25daf4f94100e7022febf3c75e37a6c7",
          "version": "1.4.2"
        }
      },
      {
        "package": "swift-metrics",
        "repositoryURL": "https://github.com/apple/swift-metrics.git",
        "state": {
          "branch": null,
          "revision": "3edd2f57afc4e68e23c3e4956bc8b65ca6b5b2ff",
          "version": "2.2.0"
        }
      },
      {
        "package": "swift-nio",
        "repositoryURL": "https://github.com/apple/swift-nio.git",
        "state": {
          "branch": null,
          "revision": "6aa9347d9bc5bbfe6a84983aec955c17ffea96ef",
          "version": "2.33.0"
        }
      },
      {
        "package": "swift-nio-extras",
        "repositoryURL": "https://github.com/apple/swift-nio-extras.git",
        "state": {
          "branch": null,
          "revision": "f73ca5ee9c6806800243f1ac415fcf82de9a4c91",
          "version": "1.10.2"
        }
      },
      {
        "package": "swift-nio-http2",
        "repositoryURL": "https://github.com/apple/swift-nio-http2.git",
        "state": {
          "branch": null,
          "revision": "326f7f9a8c8c8402e3691adac04911cac9f9d87f",
          "version": "1.18.4"
        }
      },
      {
        "package": "swift-nio-ssl",
        "repositoryURL": "https://github.com/apple/swift-nio-ssl.git",
        "state": {
          "branch": null,
          "revision": "5e68c1ded15619bb281b273fa8c2d8fd7f7b2b7d",
          "version": "2.16.1"
        }
      },
      {
        "package": "swift-nio-transport-services",
        "repositoryURL": "https://github.com/apple/swift-nio-transport-services.git",
        "state": {
          "branch": null,
          "revision": "e7f5278a26442dc46783ba7e063643d524e414a0",
          "version": "1.11.3"
        }
      }
    ]
  },
  "version": 1
}
