{
  "object": {
    "pins": [
      {
        "package": "AWSSDKSwift",
        "repositoryURL": "https://github.com/swift-aws/aws-sdk-swift.git",
        "state": {
          "branch": null,
          "revision": "b402b8a434ca39f24d189289ab93fbee96664502",
          "version": "4.9.0"
        }
      },
      {
        "package": "HypertextApplicationLanguage",
        "repositoryURL": "https://github.com/swift-aws/HypertextApplicationLanguage.git",
        "state": {
          "branch": null,
          "revision": "aa2c9141d491682f17b2310aed17b9adfc006256",
          "version": "1.1.1"
        }
      },
      {
        "package": "INIParser",
        "repositoryURL": "https://github.com/swift-aws/Perfect-INIParser.git",
        "state": {
          "branch": null,
          "revision": "42de0efc7a01105e19b80d533d3d282a98277f6c",
          "version": "3.0.3"
        }
      },
      {
        "package": "AWSSDKSwiftCore",
        "repositoryURL": "https://github.com/soto-project/soto-core.git",
        "state": {
          "branch": null,
          "revision": "856a7df0c15763de4f9f3e3d7baea4a8aa009d22",
          "version": "4.7.2"
        }
      },
      {
        "package": "swift-nio",
        "repositoryURL": "https://github.com/apple/swift-nio.git",
        "state": {
          "branch": null,
          "revision": "43931b7a7daf8120a487601530c8bc03ce711992",
          "version": "2.25.1"
        }
      },
      {
        "package": "swift-nio-ssl",
        "repositoryURL": "https://github.com/apple/swift-nio-ssl.git",
        "state": {
          "branch": null,
          "revision": "62bf5083df970e67c886210fa5b857eacf044b7c",
          "version": "2.10.2"
        }
      },
      {
        "package": "swift-nio-transport-services",
        "repositoryURL": "https://github.com/apple/swift-nio-transport-services.git",
        "state": {
          "branch": null,
          "revision": "5a352330c09a323e59ebd99afdf4ca3964c217bc",
          "version": "1.9.1"
        }
      }
    ]
  },
  "version": 1
}
