// !$*UTF8*$!
{
	archiveVersion = 1;
	classes = {
	};
	objectVersion = 51;
	objects = {

/* Begin PBXBuildFile section */
		1623611B22AB935300E4025C /* InfoPlist.strings in Resources */ = {isa = PBXBuildFile; fileRef = 1623611D22AB935300E4025C /* InfoPlist.strings */; };
		1623612322AB951E00E4025C /* Localizable.strings in Resources */ = {isa = PBXBuildFile; fileRef = 1623612522AB951E00E4025C /* Localizable.strings */; };
		16A6DC5822AA375700813706 /* AppDelegate.swift in Sources */ = {isa = PBXBuildFile; fileRef = 16A6DC5722AA375700813706 /* AppDelegate.swift */; };
		16A6DC5A22AA375700813706 /* ViewController.swift in Sources */ = {isa = PBXBuildFile; fileRef = 16A6DC5922AA375700813706 /* ViewController.swift */; };
		16A6DC5C22AA375800813706 /* Assets.xcassets in Resources */ = {isa = PBXBuildFile; fileRef = 16A6DC5B22AA375800813706 /* Assets.xcassets */; };
		16A6DC5F22AA375800813706 /* Main.storyboard in Resources */ = {isa = PBXBuildFile; fileRef = 16A6DC5D22AA375800813706 /* Main.storyboard */; };
		16C4089F22AA6A7700AF2F0E /* Podfile in Resources */ = {isa = PBXBuildFile; fileRef = 16C4089E22AA6A7700AF2F0E /* Podfile */; };
		E3FDF6B8A725C97871C6B2D0 /* Pods_uPic.framework in Frameworks */ = {isa = PBXBuildFile; fileRef = A116EF79D38D9092D34EFCF5 /* Pods_uPic.framework */; settings = {ATTRIBUTES = (Required, ); }; };
/* End PBXBuildFile section */

/* Begin PBXFileReference section */
		1623611822AB92DB00E4025C /* zh-Hans */ = {isa = PBXFileReference; lastKnownFileType = text.plist.strings; name = "zh-Hans"; path = "zh-Hans.lproj/Main.strings"; sourceTree = "<group>"; };
		1623611C22AB935300E4025C /* en */ = {isa = PBXFileReference; lastKnownFileType = text.plist.strings; name = en; path = en.lproj/InfoPlist.strings; sourceTree = "<group>"; };
		1623611E22AB935F00E4025C /* zh-Hans */ = {isa = PBXFileReference; lastKnownFileType = text.plist.strings; name = "zh-Hans"; path = "zh-Hans.lproj/InfoPlist.strings"; sourceTree = "<group>"; };
		1623612022AB943100E4025C /* en */ = {isa = PBXFileReference; lastKnownFileType = text.plist.strings; name = en; path = en.lproj/Main.strings; sourceTree = "<group>"; };
		1623612422AB951E00E4025C /* en */ = {isa = PBXFileReference; lastKnownFileType = text.plist.strings; name = en; path = en.lproj/Localizable.strings; sourceTree = "<group>"; };
		1623612622AB951F00E4025C /* zh-Hans */ = {isa = PBXFileReference; lastKnownFileType = text.plist.strings; name = "zh-Hans"; path = "zh-Hans.lproj/Localizable.strings"; sourceTree = "<group>"; };
		1626E8C622AAB6B1006DCF0F /* Alamofire.framework */ = {isa = PBXFileReference; explicitFileType = wrapper.framework; path = Alamofire.framework; sourceTree = BUILT_PRODUCTS_DIR; };
		16A6DC5722AA375700813706 /* AppDelegate.swift */ = {isa = PBXFileReference; lastKnownFileType = sourcecode.swift; path = AppDelegate.swift; sourceTree = "<group>"; };
		16A6DC5922AA375700813706 /* ViewController.swift */ = {isa = PBXFileReference; lastKnownFileType = sourcecode.swift; path = ViewController.swift; sourceTree = "<group>"; };
		16A6DC5B22AA375800813706 /* Assets.xcassets */ = {isa = PBXFileReference; lastKnownFileType = folder.assetcatalog; path = Assets.xcassets; sourceTree = "<group>"; };
		16A6DC5E22AA375800813706 /* Base */ = {isa = PBXFileReference; lastKnownFileType = file.storyboard; name = Base; path = Base.lproj/Main.storyboard; sourceTree = "<group>"; };
		16A6DC6022AA375800813706 /* Info.plist */ = {isa = PBXFileReference; lastKnownFileType = text.plist.xml; path = Info.plist; sourceTree = "<group>"; };
		16A6DC6122AA375800813706 /* uPic.entitlements */ = {isa = PBXFileReference; lastKnownFileType = text.plist.entitlements; path = uPic.entitlements; sourceTree = "<group>"; };
		16C4089E22AA6A7700AF2F0E /* Podfile */ = {isa = PBXFileReference; lastKnownFileType = text; path = Podfile; sourceTree = "<group>"; xcLanguageSpecificationIdentifier = xcode.lang.ruby; };
		16EC9A0222ABBBB4001B6C89 /* uPic.app */ = {isa = PBXFileReference; explicitFileType = wrapper.application; includeInIndex = 0; path = uPic.app; sourceTree = BUILT_PRODUCTS_DIR; };
		7D9210ACA587ED2CA41A506A /* Pods-uPic.debug.xcconfig */ = {isa = PBXFileReference; includeInIndex = 1; lastKnownFileType = text.xcconfig; name = "Pods-uPic.debug.xcconfig"; path = "Target Support Files/Pods-uPic/Pods-uPic.debug.xcconfig"; sourceTree = "<group>"; };
		A116EF79D38D9092D34EFCF5 /* Pods_uPic.framework */ = {isa = PBXFileReference; explicitFileType = wrapper.framework; includeInIndex = 0; path = Pods_uPic.framework; sourceTree = BUILT_PRODUCTS_DIR; };
		EF6E6B1F322C29A8668C8B00 /* Pods-uPic.release.xcconfig */ = {isa = PBXFileReference; includeInIndex = 1; lastKnownFileType = text.xcconfig; name = "Pods-uPic.release.xcconfig"; path = "Target Support Files/Pods-uPic/Pods-uPic.release.xcconfig"; sourceTree = "<group>"; };
/* End PBXFileReference section */

/* Begin PBXFrameworksBuildPhase section */
		16A6DC5122AA375700813706 /* Frameworks */ = {
			isa = PBXFrameworksBuildPhase;
			buildActionMask = 2147483647;
			files = (
				E3FDF6B8A725C97871C6B2D0 /* Pods_uPic.framework in Frameworks */,
			);
			runOnlyForDeploymentPostprocessing = 0;
		};
/* End PBXFrameworksBuildPhase section */

/* Begin PBXGroup section */
		03D8014AD88C83CB6D88E879 /* Pods */ = {
			isa = PBXGroup;
			children = (
				7D9210ACA587ED2CA41A506A /* Pods-uPic.debug.xcconfig */,
				EF6E6B1F322C29A8668C8B00 /* Pods-uPic.release.xcconfig */,
			);
			path = Pods;
			sourceTree = "<group>";
		};
		16A6DC4B22AA375700813706 = {
			isa = PBXGroup;
			children = (
				16C4089E22AA6A7700AF2F0E /* Podfile */,
				16A6DC5622AA375700813706 /* uPic */,
				03D8014AD88C83CB6D88E879 /* Pods */,
				F517F004DFA2ACE018535745 /* Frameworks */,
				16EC9A0222ABBBB4001B6C89 /* uPic.app */,
			);
			sourceTree = "<group>";
		};
		16A6DC5622AA375700813706 /* uPic */ = {
			isa = PBXGroup;
			children = (
				1623611D22AB935300E4025C /* InfoPlist.strings */,
				16A6DC6922AA3B1800813706 /* Model */,
				16A6DC6722AA3ABF00813706 /* View Controllers */,
				16A6DC5722AA375700813706 /* AppDelegate.swift */,
				16A6DC5B22AA375800813706 /* Assets.xcassets */,
				16A6DC5D22AA375800813706 /* Main.storyboard */,
				16A6DC6822AA3AD900813706 /* Supporting Files */,
				1623612522AB951E00E4025C /* Localizable.strings */,
			);
			path = uPic;
			sourceTree = "<group>";
		};
		16A6DC6722AA3ABF00813706 /* View Controllers */ = {
			isa = PBXGroup;
			children = (
				16A6DC5922AA375700813706 /* ViewController.swift */,
			);
			path = "View Controllers";
			sourceTree = "<group>";
		};
		16A6DC6822AA3AD900813706 /* Supporting Files */ = {
			isa = PBXGroup;
			children = (
				16A6DC6022AA375800813706 /* Info.plist */,
				16A6DC6122AA375800813706 /* uPic.entitlements */,
			);
			path = "Supporting Files";
			sourceTree = "<group>";
		};
		16A6DC6922AA3B1800813706 /* Model */ = {
			isa = PBXGroup;
			children = (
			);
			path = Model;
			sourceTree = "<group>";
		};
		F517F004DFA2ACE018535745 /* Frameworks */ = {
			isa = PBXGroup;
			children = (
				1626E8C622AAB6B1006DCF0F /* Alamofire.framework */,
				A116EF79D38D9092D34EFCF5 /* Pods_uPic.framework */,
			);
			name = Frameworks;
			sourceTree = "<group>";
		};
/* End PBXGroup section */

/* Begin PBXNativeTarget section */
		16A6DC5322AA375700813706 /* uPic */ = {
			isa = PBXNativeTarget;
			buildConfigurationList = 16A6DC6422AA375800813706 /* Build configuration list for PBXNativeTarget "uPic" */;
			buildPhases = (
				AF16EB1F68345467E01767BE /* [CP] Check Pods Manifest.lock */,
				16A6DC5022AA375700813706 /* Sources */,
				16A6DC5122AA375700813706 /* Frameworks */,
				16A6DC5222AA375700813706 /* Resources */,
				8B11FF3895E709812B771F7E /* [CP] Embed Pods Frameworks */,
			);
			buildRules = (
			);
			dependencies = (
			);
			name = uPic;
			productName = uPic;
			productReference = 16EC9A0222ABBBB4001B6C89 /* uPic.app */;
			productType = "com.apple.product-type.application";
		};
/* End PBXNativeTarget section */

/* Begin PBXProject section */
		16A6DC4C22AA375700813706 /* Project object */ = {
			isa = PBXProject;
			attributes = {
				LastSwiftUpdateCheck = 1020;
				LastUpgradeCheck = 1020;
				ORGANIZATIONNAME = "Svend Jin";
				TargetAttributes = {
					16A6DC5322AA375700813706 = {
						CreatedOnToolsVersion = 10.2.1;
						SystemCapabilities = {
							com.apple.Sandbox = {
								enabled = 1;
							};
						};
					};
				};
			};
			buildConfigurationList = 16A6DC4F22AA375700813706 /* Build configuration list for PBXProject "uPic" */;
			compatibilityVersion = "Xcode 9.3";
			developmentRegion = en;
			hasScannedForEncodings = 0;
			knownRegions = (
				en,
				Base,
				"zh-Hans",
			);
			mainGroup = 16A6DC4B22AA375700813706;
			productRefGroup = 16A6DC4B22AA375700813706;
			projectDirPath = "";
			projectRoot = "";
			targets = (
				16A6DC5322AA375700813706 /* uPic */,
			);
		};
/* End PBXProject section */

/* Begin PBXResourcesBuildPhase section */
		16A6DC5222AA375700813706 /* Resources */ = {
			isa = PBXResourcesBuildPhase;
			buildActionMask = 2147483647;
			files = (
				1623612322AB951E00E4025C /* Localizable.strings in Resources */,
				16C4089F22AA6A7700AF2F0E /* Podfile in Resources */,
				1623611B22AB935300E4025C /* InfoPlist.strings in Resources */,
				16A6DC5C22AA375800813706 /* Assets.xcassets in Resources */,
				16A6DC5F22AA375800813706 /* Main.storyboard in Resources */,
			);
			runOnlyForDeploymentPostprocessing = 0;
		};
/* End PBXResourcesBuildPhase section */

/* Begin PBXShellScriptBuildPhase section */
		8B11FF3895E709812B771F7E /* [CP] Embed Pods Frameworks */ = {
			isa = PBXShellScriptBuildPhase;
			buildActionMask = 2147483647;
			files = (
			);
			inputFileListPaths = (
				"${PODS_ROOT}/Target Support Files/Pods-uPic/Pods-uPic-frameworks-${CONFIGURATION}-input-files.xcfilelist",
			);
			name = "[CP] Embed Pods Frameworks";
			outputFileListPaths = (
				"${PODS_ROOT}/Target Support Files/Pods-uPic/Pods-uPic-frameworks-${CONFIGURATION}-output-files.xcfilelist",
			);
			runOnlyForDeploymentPostprocessing = 0;
			shellPath = /bin/sh;
			shellScript = "\"${PODS_ROOT}/Target Support Files/Pods-uPic/Pods-uPic-frameworks.sh\"\n";
			showEnvVarsInLog = 0;
		};
		AF16EB1F68345467E01767BE /* [CP] Check Pods Manifest.lock */ = {
			isa = PBXShellScriptBuildPhase;
			buildActionMask = 2147483647;
			files = (
			);
			inputFileListPaths = (
			);
			inputPaths = (
				"${PODS_PODFILE_DIR_PATH}/Podfile.lock",
				"${PODS_ROOT}/Manifest.lock",
			);
			name = "[CP] Check Pods Manifest.lock";
			outputFileListPaths = (
			);
			outputPaths = (
				"$(DERIVED_FILE_DIR)/Pods-uPic-checkManifestLockResult.txt",
			);
			runOnlyForDeploymentPostprocessing = 0;
			shellPath = /bin/sh;
			shellScript = "diff \"${PODS_PODFILE_DIR_PATH}/Podfile.lock\" \"${PODS_ROOT}/Manifest.lock\" > /dev/null\nif [ $? != 0 ] ; then\n    # print error to STDERR\n    echo \"error: The sandbox is not in sync with the Podfile.lock. Run 'pod install' or update your CocoaPods installation.\" >&2\n    exit 1\nfi\n# This output is used by Xcode 'outputs' to avoid re-running this script phase.\necho \"SUCCESS\" > \"${SCRIPT_OUTPUT_FILE_0}\"\n";
			showEnvVarsInLog = 0;
		};
/* End PBXShellScriptBuildPhase section */

/* Begin PBXSourcesBuildPhase section */
		16A6DC5022AA375700813706 /* Sources */ = {
			isa = PBXSourcesBuildPhase;
			buildActionMask = 2147483647;
			files = (
				16A6DC5A22AA375700813706 /* ViewController.swift in Sources */,
				16A6DC5822AA375700813706 /* AppDelegate.swift in Sources */,
			);
			runOnlyForDeploymentPostprocessing = 0;
		};
/* End PBXSourcesBuildPhase section */

/* Begin PBXVariantGroup section */
		1623611D22AB935300E4025C /* InfoPlist.strings */ = {
			isa = PBXVariantGroup;
			children = (
				1623611C22AB935300E4025C /* en */,
				1623611E22AB935F00E4025C /* zh-Hans */,
			);
			name = InfoPlist.strings;
			sourceTree = "<group>";
		};
		1623612522AB951E00E4025C /* Localizable.strings */ = {
			isa = PBXVariantGroup;
			children = (
				1623612422AB951E00E4025C /* en */,
				1623612622AB951F00E4025C /* zh-Hans */,
			);
			name = Localizable.strings;
			sourceTree = "<group>";
		};
		16A6DC5D22AA375800813706 /* Main.storyboard */ = {
			isa = PBXVariantGroup;
			children = (
				16A6DC5E22AA375800813706 /* Base */,
				1623611822AB92DB00E4025C /* zh-Hans */,
				1623612022AB943100E4025C /* en */,
			);
			name = Main.storyboard;
			sourceTree = "<group>";
		};
/* End PBXVariantGroup section */

/* Begin XCBuildConfiguration section */
		16A6DC6222AA375800813706 /* Debug */ = {
			isa = XCBuildConfiguration;
			buildSettings = {
				ALWAYS_SEARCH_USER_PATHS = NO;
				CLANG_ANALYZER_LOCALIZABILITY_NONLOCALIZED = YES;
				CLANG_ANALYZER_NONNULL = YES;
				CLANG_ANALYZER_NUMBER_OBJECT_CONVERSION = YES_AGGRESSIVE;
				CLANG_CXX_LANGUAGE_STANDARD = "gnu++14";
				CLANG_CXX_LIBRARY = "libc++";
				CLANG_ENABLE_MODULES = YES;
				CLANG_ENABLE_OBJC_ARC = YES;
				CLANG_ENABLE_OBJC_WEAK = YES;
				CLANG_WARN_BLOCK_CAPTURE_AUTORELEASING = YES;
				CLANG_WARN_BOOL_CONVERSION = YES;
				CLANG_WARN_COMMA = YES;
				CLANG_WARN_CONSTANT_CONVERSION = YES;
				CLANG_WARN_DEPRECATED_OBJC_IMPLEMENTATIONS = YES;
				CLANG_WARN_DIRECT_OBJC_ISA_USAGE = YES_ERROR;
				CLANG_WARN_DOCUMENTATION_COMMENTS = YES;
				CLANG_WARN_EMPTY_BODY = YES;
				CLANG_WARN_ENUM_CONVERSION = YES;
				CLANG_WARN_INFINITE_RECURSION = YES;
				CLANG_WARN_INT_CONVERSION = YES;
				CLANG_WARN_NON_LITERAL_NULL_CONVERSION = YES;
				CLANG_WARN_OBJC_IMPLICIT_RETAIN_SELF = YES;
				CLANG_WARN_OBJC_LITERAL_CONVERSION = YES;
				CLANG_WARN_OBJC_ROOT_CLASS = YES_ERROR;
				CLANG_WARN_RANGE_LOOP_ANALYSIS = YES;
				CLANG_WARN_STRICT_PROTOTYPES = YES;
				CLANG_WARN_SUSPICIOUS_MOVE = YES;
				CLANG_WARN_UNGUARDED_AVAILABILITY = YES_AGGRESSIVE;
				CLANG_WARN_UNREACHABLE_CODE = YES;
				CLANG_WARN__DUPLICATE_METHOD_MATCH = YES;
				CODE_SIGN_IDENTITY = "Mac Developer";
				COPY_PHASE_STRIP = NO;
				DEBUG_INFORMATION_FORMAT = dwarf;
				ENABLE_STRICT_OBJC_MSGSEND = YES;
				ENABLE_TESTABILITY = YES;
				GCC_C_LANGUAGE_STANDARD = gnu11;
				GCC_DYNAMIC_NO_PIC = NO;
				GCC_NO_COMMON_BLOCKS = YES;
				GCC_OPTIMIZATION_LEVEL = 0;
				GCC_PREPROCESSOR_DEFINITIONS = (
					"DEBUG=1",
					"$(inherited)",
				);
				GCC_WARN_64_TO_32_BIT_CONVERSION = YES;
				GCC_WARN_ABOUT_RETURN_TYPE = YES_ERROR;
				GCC_WARN_UNDECLARED_SELECTOR = YES;
				GCC_WARN_UNINITIALIZED_AUTOS = YES_AGGRESSIVE;
				GCC_WARN_UNUSED_FUNCTION = YES;
				GCC_WARN_UNUSED_VARIABLE = YES;
				MACOSX_DEPLOYMENT_TARGET = 10.14;
				MTL_ENABLE_DEBUG_INFO = INCLUDE_SOURCE;
				MTL_FAST_MATH = YES;
				ONLY_ACTIVE_ARCH = YES;
				SDKROOT = macosx;
				SWIFT_ACTIVE_COMPILATION_CONDITIONS = DEBUG;
				SWIFT_OPTIMIZATION_LEVEL = "-Onone";
			};
			name = Debug;
		};
		16A6DC6322AA375800813706 /* Release */ = {
			isa = XCBuildConfiguration;
			buildSettings = {
				ALWAYS_SEARCH_USER_PATHS = NO;
				CLANG_ANALYZER_LOCALIZABILITY_NONLOCALIZED = YES;
				CLANG_ANALYZER_NONNULL = YES;
				CLANG_ANALYZER_NUMBER_OBJECT_CONVERSION = YES_AGGRESSIVE;
				CLANG_CXX_LANGUAGE_STANDARD = "gnu++14";
				CLANG_CXX_LIBRARY = "libc++";
				CLANG_ENABLE_MODULES = YES;
				CLANG_ENABLE_OBJC_ARC = YES;
				CLANG_ENABLE_OBJC_WEAK = YES;
				CLANG_WARN_BLOCK_CAPTURE_AUTORELEASING = YES;
				CLANG_WARN_BOOL_CONVERSION = YES;
				CLANG_WARN_COMMA = YES;
				CLANG_WARN_CONSTANT_CONVERSION = YES;
				CLANG_WARN_DEPRECATED_OBJC_IMPLEMENTATIONS = YES;
				CLANG_WARN_DIRECT_OBJC_ISA_USAGE = YES_ERROR;
				CLANG_WARN_DOCUMENTATION_COMMENTS = YES;
				CLANG_WARN_EMPTY_BODY = YES;
				CLANG_WARN_ENUM_CONVERSION = YES;
				CLANG_WARN_INFINITE_RECURSION = YES;
				CLANG_WARN_INT_CONVERSION = YES;
				CLANG_WARN_NON_LITERAL_NULL_CONVERSION = YES;
				CLANG_WARN_OBJC_IMPLICIT_RETAIN_SELF = YES;
				CLANG_WARN_OBJC_LITERAL_CONVERSION = YES;
				CLANG_WARN_OBJC_ROOT_CLASS = YES_ERROR;
				CLANG_WARN_RANGE_LOOP_ANALYSIS = YES;
				CLANG_WARN_STRICT_PROTOTYPES = YES;
				CLANG_WARN_SUSPICIOUS_MOVE = YES;
				CLANG_WARN_UNGUARDED_AVAILABILITY = YES_AGGRESSIVE;
				CLANG_WARN_UNREACHABLE_CODE = YES;
				CLANG_WARN__DUPLICATE_METHOD_MATCH = YES;
				CODE_SIGN_IDENTITY = "Mac Developer";
				COPY_PHASE_STRIP = NO;
				DEBUG_INFORMATION_FORMAT = "dwarf-with-dsym";
				ENABLE_NS_ASSERTIONS = NO;
				ENABLE_STRICT_OBJC_MSGSEND = YES;
				GCC_C_LANGUAGE_STANDARD = gnu11;
				GCC_NO_COMMON_BLOCKS = YES;
				GCC_WARN_64_TO_32_BIT_CONVERSION = YES;
				GCC_WARN_ABOUT_RETURN_TYPE = YES_ERROR;
				GCC_WARN_UNDECLARED_SELECTOR = YES;
				GCC_WARN_UNINITIALIZED_AUTOS = YES_AGGRESSIVE;
				GCC_WARN_UNUSED_FUNCTION = YES;
				GCC_WARN_UNUSED_VARIABLE = YES;
				MACOSX_DEPLOYMENT_TARGET = 10.14;
				MTL_ENABLE_DEBUG_INFO = NO;
				MTL_FAST_MATH = YES;
				SDKROOT = macosx;
				SWIFT_COMPILATION_MODE = wholemodule;
				SWIFT_OPTIMIZATION_LEVEL = "-O";
			};
			name = Release;
		};
		16A6DC6522AA375800813706 /* Debug */ = {
			isa = XCBuildConfiguration;
			baseConfigurationReference = 7D9210ACA587ED2CA41A506A /* Pods-uPic.debug.xcconfig */;
			buildSettings = {
				ASSETCATALOG_COMPILER_APPICON_NAME = AppIcon;
				CODE_SIGN_ENTITLEMENTS = "uPic/Supporting Files/uPic.entitlements";
				CODE_SIGN_STYLE = Automatic;
				COMBINE_HIDPI_IMAGES = YES;
				DEVELOPMENT_TEAM = W863J6W8DZ;
				INFOPLIST_FILE = "$(SRCROOT)/uPic/Supporting Files/Info.plist";
				LD_RUNPATH_SEARCH_PATHS = (
					"$(inherited)",
					"@executable_path/../Frameworks",
				);
				PRODUCT_BUNDLE_IDENTIFIER = com.svend.uPic;
				PRODUCT_NAME = "$(TARGET_NAME)";
				SWIFT_VERSION = 5.0;
			};
			name = Debug;
		};
		16A6DC6622AA375800813706 /* Release */ = {
			isa = XCBuildConfiguration;
			baseConfigurationReference = EF6E6B1F322C29A8668C8B00 /* Pods-uPic.release.xcconfig */;
			buildSettings = {
				ASSETCATALOG_COMPILER_APPICON_NAME = AppIcon;
				CODE_SIGN_ENTITLEMENTS = "uPic/Supporting Files/uPic.entitlements";
				CODE_SIGN_STYLE = Automatic;
				COMBINE_HIDPI_IMAGES = YES;
				DEVELOPMENT_TEAM = W863J6W8DZ;
				INFOPLIST_FILE = "$(SRCROOT)/uPic/Supporting Files/Info.plist";
				LD_RUNPATH_SEARCH_PATHS = (
					"$(inherited)",
					"@executable_path/../Frameworks",
				);
				PRODUCT_BUNDLE_IDENTIFIER = com.svend.uPic;
				PRODUCT_NAME = "$(TARGET_NAME)";
				SWIFT_VERSION = 5.0;
			};
			name = Release;
		};
/* End XCBuildConfiguration section */

/* Begin XCConfigurationList section */
		16A6DC4F22AA375700813706 /* Build configuration list for PBXProject "uPic" */ = {
			isa = XCConfigurationList;
			buildConfigurations = (
				16A6DC6222AA375800813706 /* Debug */,
				16A6DC6322AA375800813706 /* Release */,
			);
			defaultConfigurationIsVisible = 0;
			defaultConfigurationName = Release;
		};
		16A6DC6422AA375800813706 /* Build configuration list for PBXNativeTarget "uPic" */ = {
			isa = XCConfigurationList;
			buildConfigurations = (
				16A6DC6522AA375800813706 /* Debug */,
				16A6DC6622AA375800813706 /* Release */,
			);
			defaultConfigurationIsVisible = 0;
			defaultConfigurationName = Release;
		};
/* End XCConfigurationList section */
	};
	rootObject = 16A6DC4C22AA375700813706 /* Project object */;
}
