// !$*UTF8*$!
{
	archiveVersion = 1;
	classes = {
	};
	objectVersion = 77;
	objects = {

/* Begin PBXBuildFile section */
		1633E8CA2EE6751D0036665C /* ArgumentParser in Frameworks */ = {isa = PBXBuildFile; productRef = 1633E8C92EE6751D0036665C /* ArgumentParser */; };
		16ACA54B2EE967800082417E /* UPicCore in Frameworks */ = {isa = PBXBuildFile; productRef = 16ACA54A2EE967800082417E /* UPicCore */; };
		9602EC842EBB2156004AE3E6 /* SimpleLogger in Frameworks */ = {isa = PBXBuildFile; productRef = 9602EC832EBB2156004AE3E6 /* SimpleLogger */; };
		9602ED1D2EBB266E004AE3E6 /* uPicAppIntentsExtension.appex in Embed ExtensionKit Extensions */ = {isa = PBXBuildFile; fileRef = 9602EC752EBB214C004AE3E6 /* uPicAppIntentsExtension.appex */; settings = {ATTRIBUTES = (RemoveHeadersOnCopy, ); }; };
		96149DDB2EB3DA9E005ADB6A /* CloudKit.framework in Frameworks */ = {isa = PBXBuildFile; fileRef = 96149DDA2EB3DA9E005ADB6A /* CloudKit.framework */; };
		961848862EB09488005BD3AC /* KeyboardShortcuts in Frameworks */ = {isa = PBXBuildFile; productRef = 961848852EB09488005BD3AC /* KeyboardShortcuts */; };
		961848892EB094A4005BD3AC /* LaunchAtLogin in Frameworks */ = {isa = PBXBuildFile; productRef = 961848882EB094A4005BD3AC /* LaunchAtLogin */; };
		9618488C2EB094B0005BD3AC /* SimpleLogger in Frameworks */ = {isa = PBXBuildFile; productRef = 9618488B2EB094B0005BD3AC /* SimpleLogger */; };
		9618488F2EB094C0005BD3AC /* Defaults in Frameworks */ = {isa = PBXBuildFile; productRef = 9618488E2EB094C0005BD3AC /* Defaults */; };
		9640CD6E2EB09C30003BF4FB /* UPicCore in Frameworks */ = {isa = PBXBuildFile; productRef = 9640CD6D2EB09C30003BF4FB /* UPicCore */; };
		9666F3F42EB236570076A227 /* MenuBarExtraAccess in Frameworks */ = {isa = PBXBuildFile; productRef = 9666F3F32EB236570076A227 /* MenuBarExtraAccess */; };
		968762772EBAF1AA001BDC0B /* Cocoa.framework in Frameworks */ = {isa = PBXBuildFile; fileRef = 968762442EBAE826001BDC0B /* Cocoa.framework */; };
		968762822EBAF1AA001BDC0B /* uPicActionExtension.appex in Embed Foundation Extensions */ = {isa = PBXBuildFile; fileRef = 968762762EBAF1AA001BDC0B /* uPicActionExtension.appex */; settings = {ATTRIBUTES = (RemoveHeadersOnCopy, ); }; };
		968762882EBAF1BC001BDC0B /* SimpleLogger in Frameworks */ = {isa = PBXBuildFile; productRef = 968762872EBAF1BC001BDC0B /* SimpleLogger */; };
		96A829C22EB8D89C001FE480 /* uPicShareExtension.appex in Embed Foundation Extensions */ = {isa = PBXBuildFile; fileRef = 96A829B62EB8D89C001FE480 /* uPicShareExtension.appex */; settings = {ATTRIBUTES = (RemoveHeadersOnCopy, ); }; };
		96A829CB2EB8E117001FE480 /* SimpleLogger in Frameworks */ = {isa = PBXBuildFile; productRef = 96A829CA2EB8E117001FE480 /* SimpleLogger */; };
/* End PBXBuildFile section */

/* Begin PBXContainerItemProxy section */
		9602ED1E2EBB266E004AE3E6 /* PBXContainerItemProxy */ = {
			isa = PBXContainerItemProxy;
			containerPortal = 9618486C2EB09470005BD3AC /* Project object */;
			proxyType = 1;
			remoteGlobalIDString = 9602EC742EBB214C004AE3E6;
			remoteInfo = uPicAppIntentsExtension;
		};
		968762802EBAF1AA001BDC0B /* PBXContainerItemProxy */ = {
			isa = PBXContainerItemProxy;
			containerPortal = 9618486C2EB09470005BD3AC /* Project object */;
			proxyType = 1;
			remoteGlobalIDString = 968762752EBAF1AA001BDC0B;
			remoteInfo = uPicActionExtension;
		};
		96A829C02EB8D89C001FE480 /* PBXContainerItemProxy */ = {
			isa = PBXContainerItemProxy;
			containerPortal = 9618486C2EB09470005BD3AC /* Project object */;
			proxyType = 1;
			remoteGlobalIDString = 96A829B52EB8D89C001FE480;
			remoteInfo = uPicShareExtension;
		};
/* End PBXContainerItemProxy section */

/* Begin PBXCopyFilesBuildPhase section */
		9602ED202EBB266E004AE3E6 /* Embed ExtensionKit Extensions */ = {
			isa = PBXCopyFilesBuildPhase;
			buildActionMask = 2147483647;
			dstPath = "$(EXTENSIONS_FOLDER_PATH)";
			dstSubfolderSpec = 16;
			files = (
				9602ED1D2EBB266E004AE3E6 /* uPicAppIntentsExtension.appex in Embed ExtensionKit Extensions */,
			);
			name = "Embed ExtensionKit Extensions";
			runOnlyForDeploymentPostprocessing = 0;
		};
		9640CD882EB09E7E003BF4FB /* Embed Frameworks */ = {
			isa = PBXCopyFilesBuildPhase;
			buildActionMask = 2147483647;
			dstPath = "";
			dstSubfolderSpec = 10;
			files = (
			);
			name = "Embed Frameworks";
			runOnlyForDeploymentPostprocessing = 0;
		};
		96A8299B2EB8D736001FE480 /* Embed Foundation Extensions */ = {
			isa = PBXCopyFilesBuildPhase;
			buildActionMask = 2147483647;
			dstPath = "";
			dstSubfolderSpec = 13;
			files = (
				96A829C22EB8D89C001FE480 /* uPicShareExtension.appex in Embed Foundation Extensions */,
				968762822EBAF1AA001BDC0B /* uPicActionExtension.appex in Embed Foundation Extensions */,
			);
			name = "Embed Foundation Extensions";
			runOnlyForDeploymentPostprocessing = 0;
		};
/* End PBXCopyFilesBuildPhase section */

/* Begin PBXFileReference section */
		9602EC752EBB214C004AE3E6 /* uPicAppIntentsExtension.appex */ = {isa = PBXFileReference; explicitFileType = "wrapper.extensionkit-extension"; includeInIndex = 0; path = uPicAppIntentsExtension.appex; sourceTree = BUILT_PRODUCTS_DIR; };
		96149DDA2EB3DA9E005ADB6A /* CloudKit.framework */ = {isa = PBXFileReference; lastKnownFileType = wrapper.framework; name = CloudKit.framework; path = System/Library/Frameworks/CloudKit.framework; sourceTree = SDKROOT; };
		961848742EB09470005BD3AC /* uPic.app */ = {isa = PBXFileReference; explicitFileType = wrapper.application; includeInIndex = 0; path = uPic.app; sourceTree = BUILT_PRODUCTS_DIR; };
		964569682EB8F3B40083BD40 /* Intents.framework */ = {isa = PBXFileReference; lastKnownFileType = wrapper.framework; name = Intents.framework; path = System/Library/Frameworks/Intents.framework; sourceTree = SDKROOT; };
		968762442EBAE826001BDC0B /* Cocoa.framework */ = {isa = PBXFileReference; lastKnownFileType = wrapper.framework; name = Cocoa.framework; path = System/Library/Frameworks/Cocoa.framework; sourceTree = SDKROOT; };
		968762762EBAF1AA001BDC0B /* uPicActionExtension.appex */ = {isa = PBXFileReference; explicitFileType = "wrapper.app-extension"; includeInIndex = 0; path = uPicActionExtension.appex; sourceTree = BUILT_PRODUCTS_DIR; };
		96A829B62EB8D89C001FE480 /* uPicShareExtension.appex */ = {isa = PBXFileReference; explicitFileType = "wrapper.app-extension"; includeInIndex = 0; path = uPicShareExtension.appex; sourceTree = BUILT_PRODUCTS_DIR; };
/* End PBXFileReference section */

/* Begin PBXFileSystemSynchronizedBuildFileExceptionSet section */
		9602EC822EBB214C004AE3E6 /* Exceptions for "uPicAppIntentsExtension" folder in "uPicAppIntentsExtension" target */ = {
			isa = PBXFileSystemSynchronizedBuildFileExceptionSet;
			membershipExceptions = (
				Info.plist,
			);
			target = 9602EC742EBB214C004AE3E6 /* uPicAppIntentsExtension */;
		};
		9602EC8B2EBB2262004AE3E6 /* Exceptions for "macOS" folder in "uPicAppIntentsExtension" target */ = {
			isa = PBXFileSystemSynchronizedBuildFileExceptionSet;
			membershipExceptions = (
				Utils/AppLogger.swift,
				Utils/Constants.swift,
			);
			target = 9602EC742EBB214C004AE3E6 /* uPicAppIntentsExtension */;
		};
		9602EF9B2EBB5A6E004AE3E6 /* Exceptions for "uPicActionExtension" folder in "uPicShareExtension" target */ = {
			isa = PBXFileSystemSynchronizedBuildFileExceptionSet;
			membershipExceptions = (
				icon.icns,
			);
			target = 96A829B52EB8D89C001FE480 /* uPicShareExtension */;
		};
		9640CD7E2EB09D1E003BF4FB /* Exceptions for "macOS" folder in "uPic(macOS)" target */ = {
			isa = PBXFileSystemSynchronizedBuildFileExceptionSet;
			membershipExceptions = (
				Info.plist,
			);
			target = 961848732EB09470005BD3AC /* uPic(macOS) */;
		};
		968762862EBAF1AA001BDC0B /* Exceptions for "uPicActionExtension" folder in "uPicActionExtension" target */ = {
			isa = PBXFileSystemSynchronizedBuildFileExceptionSet;
			membershipExceptions = (
				Info.plist,
			);
			target = 968762752EBAF1AA001BDC0B /* uPicActionExtension */;
		};
		9687628A2EBAF1D5001BDC0B /* Exceptions for "macOS" folder in "uPicActionExtension" target */ = {
			isa = PBXFileSystemSynchronizedBuildFileExceptionSet;
			membershipExceptions = (
				Utils/AppLogger.swift,
				Utils/Constants.swift,
			);
			target = 968762752EBAF1AA001BDC0B /* uPicActionExtension */;
		};
		96A829C62EB8D89C001FE480 /* Exceptions for "uPicShareExtension" folder in "uPicShareExtension" target */ = {
			isa = PBXFileSystemSynchronizedBuildFileExceptionSet;
			membershipExceptions = (
				Info.plist,
			);
			target = 96A829B52EB8D89C001FE480 /* uPicShareExtension */;
		};
		96A829C92EB8E0FB001FE480 /* Exceptions for "macOS" folder in "uPicShareExtension" target */ = {
			isa = PBXFileSystemSynchronizedBuildFileExceptionSet;
			membershipExceptions = (
				Utils/AppLogger.swift,
				Utils/Constants.swift,
			);
			target = 96A829B52EB8D89C001FE480 /* uPicShareExtension */;
		};
/* End PBXFileSystemSynchronizedBuildFileExceptionSet section */

/* Begin PBXFileSystemSynchronizedGroupBuildPhaseMembershipExceptionSet section */
		9687623E2EBAE745001BDC0B /* Exceptions for "libs" folder in "Embed Frameworks" phase from "uPic(macOS)" target */ = {
			isa = PBXFileSystemSynchronizedGroupBuildPhaseMembershipExceptionSet;
			attributesByRelativePath = {
				libminipng.framework = (CodeSignOnCopy, RemoveHeadersOnCopy, );
			};
			buildPhase = 9640CD882EB09E7E003BF4FB /* Embed Frameworks */;
			membershipExceptions = (
				libminipng.framework,
			);
		};
/* End PBXFileSystemSynchronizedGroupBuildPhaseMembershipExceptionSet section */

/* Begin PBXFileSystemSynchronizedRootGroup section */
		9602EC762EBB214C004AE3E6 /* uPicAppIntentsExtension */ = {
			isa = PBXFileSystemSynchronizedRootGroup;
			exceptions = (
				9602EC822EBB214C004AE3E6 /* Exceptions for "uPicAppIntentsExtension" folder in "uPicAppIntentsExtension" target */,
			);
			path = uPicAppIntentsExtension;
			sourceTree = "<group>";
		};
		961848762EB09470005BD3AC /* macOS */ = {
			isa = PBXFileSystemSynchronizedRootGroup;
			exceptions = (
				9640CD7E2EB09D1E003BF4FB /* Exceptions for "macOS" folder in "uPic(macOS)" target */,
				96A829C92EB8E0FB001FE480 /* Exceptions for "macOS" folder in "uPicShareExtension" target */,
				9687628A2EBAF1D5001BDC0B /* Exceptions for "macOS" folder in "uPicActionExtension" target */,
				9602EC8B2EBB2262004AE3E6 /* Exceptions for "macOS" folder in "uPicAppIntentsExtension" target */,
			);
			path = macOS;
			sourceTree = "<group>";
		};
		9640CD802EB09DF9003BF4FB /* libs */ = {
			isa = PBXFileSystemSynchronizedRootGroup;
			exceptions = (
				9687623E2EBAE745001BDC0B /* Exceptions for "libs" folder in "Embed Frameworks" phase from "uPic(macOS)" target */,
			);
			path = libs;
			sourceTree = "<group>";
		};
		968762782EBAF1AA001BDC0B /* uPicActionExtension */ = {
			isa = PBXFileSystemSynchronizedRootGroup;
			exceptions = (
				9602EF9B2EBB5A6E004AE3E6 /* Exceptions for "uPicActionExtension" folder in "uPicShareExtension" target */,
				968762862EBAF1AA001BDC0B /* Exceptions for "uPicActionExtension" folder in "uPicActionExtension" target */,
			);
			path = uPicActionExtension;
			sourceTree = "<group>";
		};
		96A829B72EB8D89C001FE480 /* uPicShareExtension */ = {
			isa = PBXFileSystemSynchronizedRootGroup;
			exceptions = (
				96A829C62EB8D89C001FE480 /* Exceptions for "uPicShareExtension" folder in "uPicShareExtension" target */,
			);
			path = uPicShareExtension;
			sourceTree = "<group>";
		};
/* End PBXFileSystemSynchronizedRootGroup section */

/* Begin PBXFrameworksBuildPhase section */
		9602EC722EBB214C004AE3E6 /* Frameworks */ = {
			isa = PBXFrameworksBuildPhase;
			buildActionMask = 2147483647;
			files = (
				9602EC842EBB2156004AE3E6 /* SimpleLogger in Frameworks */,
			);
			runOnlyForDeploymentPostprocessing = 0;
		};
		961848712EB09470005BD3AC /* Frameworks */ = {
			isa = PBXFrameworksBuildPhase;
			buildActionMask = 2147483647;
			files = (
				9666F3F42EB236570076A227 /* MenuBarExtraAccess in Frameworks */,
				9618488F2EB094C0005BD3AC /* Defaults in Frameworks */,
				16ACA54B2EE967800082417E /* UPicCore in Frameworks */,
				1633E8CA2EE6751D0036665C /* ArgumentParser in Frameworks */,
				961848892EB094A4005BD3AC /* LaunchAtLogin in Frameworks */,
				9640CD6E2EB09C30003BF4FB /* UPicCore in Frameworks */,
				96149DDB2EB3DA9E005ADB6A /* CloudKit.framework in Frameworks */,
				9618488C2EB094B0005BD3AC /* SimpleLogger in Frameworks */,
				961848862EB09488005BD3AC /* KeyboardShortcuts in Frameworks */,
			);
			runOnlyForDeploymentPostprocessing = 0;
		};
		968762732EBAF1AA001BDC0B /* Frameworks */ = {
			isa = PBXFrameworksBuildPhase;
			buildActionMask = 2147483647;
			files = (
				968762882EBAF1BC001BDC0B /* SimpleLogger in Frameworks */,
				968762772EBAF1AA001BDC0B /* Cocoa.framework in Frameworks */,
			);
			runOnlyForDeploymentPostprocessing = 0;
		};
		96A829B32EB8D89C001FE480 /* Frameworks */ = {
			isa = PBXFrameworksBuildPhase;
			buildActionMask = 2147483647;
			files = (
				96A829CB2EB8E117001FE480 /* SimpleLogger in Frameworks */,
			);
			runOnlyForDeploymentPostprocessing = 0;
		};
/* End PBXFrameworksBuildPhase section */

/* Begin PBXGroup section */
		9618486B2EB09470005BD3AC = {
			isa = PBXGroup;
			children = (
				961848762EB09470005BD3AC /* macOS */,
				96A829B72EB8D89C001FE480 /* uPicShareExtension */,
				968762782EBAF1AA001BDC0B /* uPicActionExtension */,
				9602EC762EBB214C004AE3E6 /* uPicAppIntentsExtension */,
				9640CD782EB09CBD003BF4FB /* Frameworks */,
				961848752EB09470005BD3AC /* Products */,
				9640CD802EB09DF9003BF4FB /* libs */,
			);
			sourceTree = "<group>";
		};
		961848752EB09470005BD3AC /* Products */ = {
			isa = PBXGroup;
			children = (
				961848742EB09470005BD3AC /* uPic.app */,
				96A829B62EB8D89C001FE480 /* uPicShareExtension.appex */,
				968762762EBAF1AA001BDC0B /* uPicActionExtension.appex */,
				9602EC752EBB214C004AE3E6 /* uPicAppIntentsExtension.appex */,
			);
			name = Products;
			sourceTree = "<group>";
		};
		9640CD782EB09CBD003BF4FB /* Frameworks */ = {
			isa = PBXGroup;
			children = (
				96149DDA2EB3DA9E005ADB6A /* CloudKit.framework */,
				964569682EB8F3B40083BD40 /* Intents.framework */,
				968762442EBAE826001BDC0B /* Cocoa.framework */,
			);
			name = Frameworks;
			sourceTree = "<group>";
		};
/* End PBXGroup section */

/* Begin PBXNativeTarget section */
		9602EC742EBB214C004AE3E6 /* uPicAppIntentsExtension */ = {
			isa = PBXNativeTarget;
			buildConfigurationList = 9602EC7F2EBB214C004AE3E6 /* Build configuration list for PBXNativeTarget "uPicAppIntentsExtension" */;
			buildPhases = (
				9602EC712EBB214C004AE3E6 /* Sources */,
				9602EC722EBB214C004AE3E6 /* Frameworks */,
				9602EC732EBB214C004AE3E6 /* Resources */,
			);
			buildRules = (
			);
			dependencies = (
			);
			fileSystemSynchronizedGroups = (
				9602EC762EBB214C004AE3E6 /* uPicAppIntentsExtension */,
			);
			name = uPicAppIntentsExtension;
			packageProductDependencies = (
				9602EC832EBB2156004AE3E6 /* SimpleLogger */,
			);
			productName = uPicAppIntentsExtension;
			productReference = 9602EC752EBB214C004AE3E6 /* uPicAppIntentsExtension.appex */;
			productType = "com.apple.product-type.extensionkit-extension";
		};
		961848732EB09470005BD3AC /* uPic(macOS) */ = {
			isa = PBXNativeTarget;
			buildConfigurationList = 961848812EB09471005BD3AC /* Build configuration list for PBXNativeTarget "uPic(macOS)" */;
			buildPhases = (
				961848702EB09470005BD3AC /* Sources */,
				961848712EB09470005BD3AC /* Frameworks */,
				961848722EB09470005BD3AC /* Resources */,
				9640CD882EB09E7E003BF4FB /* Embed Frameworks */,
				96A8299B2EB8D736001FE480 /* Embed Foundation Extensions */,
				9602ED202EBB266E004AE3E6 /* Embed ExtensionKit Extensions */,
			);
			buildRules = (
			);
			dependencies = (
				96A829C12EB8D89C001FE480 /* PBXTargetDependency */,
				968762812EBAF1AA001BDC0B /* PBXTargetDependency */,
				9602ED1F2EBB266E004AE3E6 /* PBXTargetDependency */,
			);
			fileSystemSynchronizedGroups = (
				961848762EB09470005BD3AC /* macOS */,
				9640CD802EB09DF9003BF4FB /* libs */,
			);
			name = "uPic(macOS)";
			packageProductDependencies = (
				961848852EB09488005BD3AC /* KeyboardShortcuts */,
				961848882EB094A4005BD3AC /* LaunchAtLogin */,
				9618488B2EB094B0005BD3AC /* SimpleLogger */,
				9618488E2EB094C0005BD3AC /* Defaults */,
				9640CD6D2EB09C30003BF4FB /* UPicCore */,
				9666F3F32EB236570076A227 /* MenuBarExtraAccess */,
				1633E8C92EE6751D0036665C /* ArgumentParser */,
				16ACA54A2EE967800082417E /* UPicCore */,
			);
			productName = uPic;
			productReference = 961848742EB09470005BD3AC /* uPic.app */;
			productType = "com.apple.product-type.application";
		};
		968762752EBAF1AA001BDC0B /* uPicActionExtension */ = {
			isa = PBXNativeTarget;
			buildConfigurationList = 968762832EBAF1AA001BDC0B /* Build configuration list for PBXNativeTarget "uPicActionExtension" */;
			buildPhases = (
				968762722EBAF1AA001BDC0B /* Sources */,
				968762732EBAF1AA001BDC0B /* Frameworks */,
				968762742EBAF1AA001BDC0B /* Resources */,
			);
			buildRules = (
			);
			dependencies = (
			);
			fileSystemSynchronizedGroups = (
				968762782EBAF1AA001BDC0B /* uPicActionExtension */,
			);
			name = uPicActionExtension;
			packageProductDependencies = (
				968762872EBAF1BC001BDC0B /* SimpleLogger */,
			);
			productName = uPicActionExtension;
			productReference = 968762762EBAF1AA001BDC0B /* uPicActionExtension.appex */;
			productType = "com.apple.product-type.app-extension";
		};
		96A829B52EB8D89C001FE480 /* uPicShareExtension */ = {
			isa = PBXNativeTarget;
			buildConfigurationList = 96A829C32EB8D89C001FE480 /* Build configuration list for PBXNativeTarget "uPicShareExtension" */;
			buildPhases = (
				96A829B22EB8D89C001FE480 /* Sources */,
				96A829B32EB8D89C001FE480 /* Frameworks */,
				96A829B42EB8D89C001FE480 /* Resources */,
			);
			buildRules = (
			);
			dependencies = (
			);
			fileSystemSynchronizedGroups = (
				96A829B72EB8D89C001FE480 /* uPicShareExtension */,
			);
			name = uPicShareExtension;
			packageProductDependencies = (
				96A829CA2EB8E117001FE480 /* SimpleLogger */,
			);
			productName = uPicShareExtension;
			productReference = 96A829B62EB8D89C001FE480 /* uPicShareExtension.appex */;
			productType = "com.apple.product-type.app-extension";
		};
/* End PBXNativeTarget section */

/* Begin PBXProject section */
		9618486C2EB09470005BD3AC /* Project object */ = {
			isa = PBXProject;
			attributes = {
				BuildIndependentTargetsInParallel = 1;
				LastSwiftUpdateCheck = 2610;
				LastUpgradeCheck = 2610;
				TargetAttributes = {
					9602EC742EBB214C004AE3E6 = {
						CreatedOnToolsVersion = 26.1;
					};
					961848732EB09470005BD3AC = {
						CreatedOnToolsVersion = 26.0.1;
					};
					968762752EBAF1AA001BDC0B = {
						CreatedOnToolsVersion = 26.1;
					};
					96A829B52EB8D89C001FE480 = {
						CreatedOnToolsVersion = 26.0.1;
					};
				};
			};
			buildConfigurationList = 9618486F2EB09470005BD3AC /* Build configuration list for PBXProject "uPic" */;
			developmentRegion = en;
			hasScannedForEncodings = 0;
			knownRegions = (
				en,
				Base,
				"zh-Hans",
			);
			mainGroup = 9618486B2EB09470005BD3AC;
			minimizedProjectReferenceProxies = 1;
			packageReferences = (
				961848842EB09488005BD3AC /* XCRemoteSwiftPackageReference "KeyboardShortcuts" */,
				961848872EB094A4005BD3AC /* XCRemoteSwiftPackageReference "LaunchAtLogin-Modern" */,
				9618488A2EB094B0005BD3AC /* XCRemoteSwiftPackageReference "SimpleLogger" */,
				9618488D2EB094C0005BD3AC /* XCRemoteSwiftPackageReference "Defaults" */,
				9666F3F22EB236570076A227 /* XCRemoteSwiftPackageReference "MenuBarExtraAccess" */,
				1633E8C82EE6751D0036665C /* XCRemoteSwiftPackageReference "swift-argument-parser" */,
				16ACA5492EE967800082417E /* XCRemoteSwiftPackageReference "UPicCore" */,
			);
			preferredProjectObjectVersion = 77;
			productRefGroup = 961848752EB09470005BD3AC /* Products */;
			projectDirPath = "";
			projectRoot = "";
			targets = (
				961848732EB09470005BD3AC /* uPic(macOS) */,
				96A829B52EB8D89C001FE480 /* uPicShareExtension */,
				968762752EBAF1AA001BDC0B /* uPicActionExtension */,
				9602EC742EBB214C004AE3E6 /* uPicAppIntentsExtension */,
			);
		};
/* End PBXProject section */

/* Begin PBXResourcesBuildPhase section */
		9602EC732EBB214C004AE3E6 /* Resources */ = {
			isa = PBXResourcesBuildPhase;
			buildActionMask = 2147483647;
			files = (
			);
			runOnlyForDeploymentPostprocessing = 0;
		};
		961848722EB09470005BD3AC /* Resources */ = {
			isa = PBXResourcesBuildPhase;
			buildActionMask = 2147483647;
			files = (
			);
			runOnlyForDeploymentPostprocessing = 0;
		};
		968762742EBAF1AA001BDC0B /* Resources */ = {
			isa = PBXResourcesBuildPhase;
			buildActionMask = 2147483647;
			files = (
			);
			runOnlyForDeploymentPostprocessing = 0;
		};
		96A829B42EB8D89C001FE480 /* Resources */ = {
			isa = PBXResourcesBuildPhase;
			buildActionMask = 2147483647;
			files = (
			);
			runOnlyForDeploymentPostprocessing = 0;
		};
/* End PBXResourcesBuildPhase section */

/* Begin PBXSourcesBuildPhase section */
		9602EC712EBB214C004AE3E6 /* Sources */ = {
			isa = PBXSourcesBuildPhase;
			buildActionMask = 2147483647;
			files = (
			);
			runOnlyForDeploymentPostprocessing = 0;
		};
		961848702EB09470005BD3AC /* Sources */ = {
			isa = PBXSourcesBuildPhase;
			buildActionMask = 2147483647;
			files = (
			);
			runOnlyForDeploymentPostprocessing = 0;
		};
		968762722EBAF1AA001BDC0B /* Sources */ = {
			isa = PBXSourcesBuildPhase;
			buildActionMask = 2147483647;
			files = (
			);
			runOnlyForDeploymentPostprocessing = 0;
		};
		96A829B22EB8D89C001FE480 /* Sources */ = {
			isa = PBXSourcesBuildPhase;
			buildActionMask = 2147483647;
			files = (
			);
			runOnlyForDeploymentPostprocessing = 0;
		};
/* End PBXSourcesBuildPhase section */

/* Begin PBXTargetDependency section */
		9602ED1F2EBB266E004AE3E6 /* PBXTargetDependency */ = {
			isa = PBXTargetDependency;
			target = 9602EC742EBB214C004AE3E6 /* uPicAppIntentsExtension */;
			targetProxy = 9602ED1E2EBB266E004AE3E6 /* PBXContainerItemProxy */;
		};
		968762812EBAF1AA001BDC0B /* PBXTargetDependency */ = {
			isa = PBXTargetDependency;
			target = 968762752EBAF1AA001BDC0B /* uPicActionExtension */;
			targetProxy = 968762802EBAF1AA001BDC0B /* PBXContainerItemProxy */;
		};
		96A829C12EB8D89C001FE480 /* PBXTargetDependency */ = {
			isa = PBXTargetDependency;
			target = 96A829B52EB8D89C001FE480 /* uPicShareExtension */;
			targetProxy = 96A829C02EB8D89C001FE480 /* PBXContainerItemProxy */;
		};
/* End PBXTargetDependency section */

/* Begin XCBuildConfiguration section */
		9602EC802EBB214C004AE3E6 /* Debug */ = {
			isa = XCBuildConfiguration;
			buildSettings = {
				CODE_SIGN_ENTITLEMENTS = uPicAppIntentsExtension/uPicAppIntentsExtension.entitlements;
				CODE_SIGN_STYLE = Automatic;
				CURRENT_PROJECT_VERSION = 1;
				DEVELOPMENT_TEAM = W863J6W8DZ;
				ENABLE_APP_SANDBOX = YES;
				ENABLE_HARDENED_RUNTIME = YES;
				GENERATE_INFOPLIST_FILE = YES;
				INFOPLIST_FILE = uPicAppIntentsExtension/Info.plist;
				INFOPLIST_KEY_CFBundleDisplayName = uPicAppIntentsExtension;
				INFOPLIST_KEY_NSHumanReadableCopyright = "";
				LD_RUNPATH_SEARCH_PATHS = (
					"$(inherited)",
					"@executable_path/../Frameworks",
					"@executable_path/../../../../Frameworks",
				);
				MACOSX_DEPLOYMENT_TARGET = 15;
				MARKETING_VERSION = 2.0.0;
				PRODUCT_BUNDLE_IDENTIFIER = com.svend.uPic.macos.uPicAppIntentsExtension;
				PRODUCT_NAME = "$(TARGET_NAME)";
				REGISTER_APP_GROUPS = YES;
				SKIP_INSTALL = YES;
				STRING_CATALOG_GENERATE_SYMBOLS = YES;
				SWIFT_APPROACHABLE_CONCURRENCY = YES;
				SWIFT_EMIT_LOC_STRINGS = YES;
				SWIFT_UPCOMING_FEATURE_MEMBER_IMPORT_VISIBILITY = YES;
				SWIFT_VERSION = 5.0;
			};
			name = Debug;
		};
		9602EC812EBB214C004AE3E6 /* Release */ = {
			isa = XCBuildConfiguration;
			buildSettings = {
				CODE_SIGN_ENTITLEMENTS = uPicAppIntentsExtension/uPicAppIntentsExtension.entitlements;
				CODE_SIGN_STYLE = Automatic;
				CURRENT_PROJECT_VERSION = 1;
				DEVELOPMENT_TEAM = W863J6W8DZ;
				ENABLE_APP_SANDBOX = YES;
				ENABLE_HARDENED_RUNTIME = YES;
				GENERATE_INFOPLIST_FILE = YES;
				INFOPLIST_FILE = uPicAppIntentsExtension/Info.plist;
				INFOPLIST_KEY_CFBundleDisplayName = uPicAppIntentsExtension;
				INFOPLIST_KEY_NSHumanReadableCopyright = "";
				LD_RUNPATH_SEARCH_PATHS = (
					"$(inherited)",
					"@executable_path/../Frameworks",
					"@executable_path/../../../../Frameworks",
				);
				MACOSX_DEPLOYMENT_TARGET = 15;
				MARKETING_VERSION = 2.0.0;
				PRODUCT_BUNDLE_IDENTIFIER = com.svend.uPic.macos.uPicAppIntentsExtension;
				PRODUCT_NAME = "$(TARGET_NAME)";
				REGISTER_APP_GROUPS = YES;
				SKIP_INSTALL = YES;
				STRING_CATALOG_GENERATE_SYMBOLS = YES;
				SWIFT_APPROACHABLE_CONCURRENCY = YES;
				SWIFT_EMIT_LOC_STRINGS = YES;
				SWIFT_UPCOMING_FEATURE_MEMBER_IMPORT_VISIBILITY = YES;
				SWIFT_VERSION = 5.0;
			};
			name = Release;
		};
		9618487F2EB09471005BD3AC /* Debug */ = {
			isa = XCBuildConfiguration;
			buildSettings = {
				ALWAYS_SEARCH_USER_PATHS = NO;
				ASSETCATALOG_COMPILER_GENERATE_SWIFT_ASSET_SYMBOL_EXTENSIONS = YES;
				CLANG_ANALYZER_LOCALIZABILITY_NONLOCALIZED = YES;
				CLANG_ANALYZER_NONNULL = YES;
				CLANG_ANALYZER_NUMBER_OBJECT_CONVERSION = YES_AGGRESSIVE;
				CLANG_CXX_LANGUAGE_STANDARD = "gnu++20";
				CLANG_ENABLE_MODULES = YES;
				CLANG_ENABLE_OBJC_ARC = YES;
				CLANG_ENABLE_OBJC_WEAK = YES;
				CLANG_WARN_BLOCK_CAPTURE_AUTORELEASING = YES;
				CLANG_WARN_BOOL_CONVERSION = YES;
				CLANG_WARN_COMMA = YES;
				CLANG_WARN_CONSTANT_CONVERSION = YES;
				CLANG_WARN_DEPRECATED_OBJC_IMPLEMENTATIONS = YES;
				CLANG_WARN_DIRECT_OBJC_ISA_USAGE = YES_ERROR;
				CLANG_WARN_DOCUMENTATION_COMMENTS = YES;
				CLANG_WARN_EMPTY_BODY = YES;
				CLANG_WARN_ENUM_CONVERSION = YES;
				CLANG_WARN_INFINITE_RECURSION = YES;
				CLANG_WARN_INT_CONVERSION = YES;
				CLANG_WARN_NON_LITERAL_NULL_CONVERSION = YES;
				CLANG_WARN_OBJC_IMPLICIT_RETAIN_SELF = YES;
				CLANG_WARN_OBJC_LITERAL_CONVERSION = YES;
				CLANG_WARN_OBJC_ROOT_CLASS = YES_ERROR;
				CLANG_WARN_QUOTED_INCLUDE_IN_FRAMEWORK_HEADER = YES;
				CLANG_WARN_RANGE_LOOP_ANALYSIS = YES;
				CLANG_WARN_STRICT_PROTOTYPES = YES;
				CLANG_WARN_SUSPICIOUS_MOVE = YES;
				CLANG_WARN_UNGUARDED_AVAILABILITY = YES_AGGRESSIVE;
				CLANG_WARN_UNREACHABLE_CODE = YES;
				CLANG_WARN__DUPLICATE_METHOD_MATCH = YES;
				COPY_PHASE_STRIP = NO;
				DEAD_CODE_STRIPPING = YES;
				DEBUG_INFORMATION_FORMAT = dwarf;
				DEVELOPMENT_TEAM = YBK29FJ8B6;
				ENABLE_STRICT_OBJC_MSGSEND = YES;
				ENABLE_TESTABILITY = YES;
				ENABLE_USER_SCRIPT_SANDBOXING = YES;
				GCC_C_LANGUAGE_STANDARD = gnu17;
				GCC_DYNAMIC_NO_PIC = NO;
				GCC_NO_COMMON_BLOCKS = YES;
				GCC_OPTIMIZATION_LEVEL = 0;
				GCC_PREPROCESSOR_DEFINITIONS = (
					"DEBUG=1",
					"$(inherited)",
				);
				GCC_WARN_64_TO_32_BIT_CONVERSION = YES;
				GCC_WARN_ABOUT_RETURN_TYPE = YES_ERROR;
				GCC_WARN_UNDECLARED_SELECTOR = YES;
				GCC_WARN_UNINITIALIZED_AUTOS = YES_AGGRESSIVE;
				GCC_WARN_UNUSED_FUNCTION = YES;
				GCC_WARN_UNUSED_VARIABLE = YES;
				LOCALIZATION_PREFERS_STRING_CATALOGS = YES;
				MACOSX_DEPLOYMENT_TARGET = 26.0;
				MTL_ENABLE_DEBUG_INFO = INCLUDE_SOURCE;
				MTL_FAST_MATH = YES;
				ONLY_ACTIVE_ARCH = YES;
				SDKROOT = macosx;
				STRING_CATALOG_GENERATE_SYMBOLS = YES;
				SWIFT_ACTIVE_COMPILATION_CONDITIONS = "DEBUG $(inherited)";
				SWIFT_EMIT_LOC_STRINGS = YES;
				SWIFT_OPTIMIZATION_LEVEL = "-Onone";
				SWIFT_VERSION = 5.0;
			};
			name = Debug;
		};
		961848802EB09471005BD3AC /* Release */ = {
			isa = XCBuildConfiguration;
			buildSettings = {
				ALWAYS_SEARCH_USER_PATHS = NO;
				ASSETCATALOG_COMPILER_GENERATE_SWIFT_ASSET_SYMBOL_EXTENSIONS = YES;
				CLANG_ANALYZER_LOCALIZABILITY_NONLOCALIZED = YES;
				CLANG_ANALYZER_NONNULL = YES;
				CLANG_ANALYZER_NUMBER_OBJECT_CONVERSION = YES_AGGRESSIVE;
				CLANG_CXX_LANGUAGE_STANDARD = "gnu++20";
				CLANG_ENABLE_MODULES = YES;
				CLANG_ENABLE_OBJC_ARC = YES;
				CLANG_ENABLE_OBJC_WEAK = YES;
				CLANG_WARN_BLOCK_CAPTURE_AUTORELEASING = YES;
				CLANG_WARN_BOOL_CONVERSION = YES;
				CLANG_WARN_COMMA = YES;
				CLANG_WARN_CONSTANT_CONVERSION = YES;
				CLANG_WARN_DEPRECATED_OBJC_IMPLEMENTATIONS = YES;
				CLANG_WARN_DIRECT_OBJC_ISA_USAGE = YES_ERROR;
				CLANG_WARN_DOCUMENTATION_COMMENTS = YES;
				CLANG_WARN_EMPTY_BODY = YES;
				CLANG_WARN_ENUM_CONVERSION = YES;
				CLANG_WARN_INFINITE_RECURSION = YES;
				CLANG_WARN_INT_CONVERSION = YES;
				CLANG_WARN_NON_LITERAL_NULL_CONVERSION = YES;
				CLANG_WARN_OBJC_IMPLICIT_RETAIN_SELF = YES;
				CLANG_WARN_OBJC_LITERAL_CONVERSION = YES;
				CLANG_WARN_OBJC_ROOT_CLASS = YES_ERROR;
				CLANG_WARN_QUOTED_INCLUDE_IN_FRAMEWORK_HEADER = YES;
				CLANG_WARN_RANGE_LOOP_ANALYSIS = YES;
				CLANG_WARN_STRICT_PROTOTYPES = YES;
				CLANG_WARN_SUSPICIOUS_MOVE = YES;
				CLANG_WARN_UNGUARDED_AVAILABILITY = YES_AGGRESSIVE;
				CLANG_WARN_UNREACHABLE_CODE = YES;
				CLANG_WARN__DUPLICATE_METHOD_MATCH = YES;
				COPY_PHASE_STRIP = NO;
				DEAD_CODE_STRIPPING = YES;
				DEBUG_INFORMATION_FORMAT = "dwarf-with-dsym";
				DEVELOPMENT_TEAM = YBK29FJ8B6;
				ENABLE_NS_ASSERTIONS = NO;
				ENABLE_STRICT_OBJC_MSGSEND = YES;
				ENABLE_USER_SCRIPT_SANDBOXING = YES;
				GCC_C_LANGUAGE_STANDARD = gnu17;
				GCC_NO_COMMON_BLOCKS = YES;
				GCC_WARN_64_TO_32_BIT_CONVERSION = YES;
				GCC_WARN_ABOUT_RETURN_TYPE = YES_ERROR;
				GCC_WARN_UNDECLARED_SELECTOR = YES;
				GCC_WARN_UNINITIALIZED_AUTOS = YES_AGGRESSIVE;
				GCC_WARN_UNUSED_FUNCTION = YES;
				GCC_WARN_UNUSED_VARIABLE = YES;
				LOCALIZATION_PREFERS_STRING_CATALOGS = YES;
				MACOSX_DEPLOYMENT_TARGET = 26.0;
				MTL_ENABLE_DEBUG_INFO = NO;
				MTL_FAST_MATH = YES;
				SDKROOT = macosx;
				STRING_CATALOG_GENERATE_SYMBOLS = YES;
				SWIFT_COMPILATION_MODE = wholemodule;
				SWIFT_EMIT_LOC_STRINGS = YES;
				SWIFT_VERSION = 5.0;
			};
			name = Release;
		};
		961848822EB09471005BD3AC /* Debug */ = {
			isa = XCBuildConfiguration;
			buildSettings = {
				ASSETCATALOG_COMPILER_APPICON_NAME = uPic;
				ASSETCATALOG_COMPILER_GLOBAL_ACCENT_COLOR_NAME = AccentColor;
				CODE_SIGN_ENTITLEMENTS = macOS/uPic.entitlements;
				"CODE_SIGN_IDENTITY[sdk=macosx*]" = "Apple Development";
				CODE_SIGN_STYLE = Automatic;
				COMBINE_HIDPI_IMAGES = YES;
				CURRENT_PROJECT_VERSION = 1;
				DEAD_CODE_STRIPPING = YES;
				DEVELOPMENT_TEAM = W863J6W8DZ;
				ENABLE_APP_SANDBOX = YES;
				ENABLE_HARDENED_RUNTIME = YES;
				ENABLE_INCOMING_NETWORK_CONNECTIONS = NO;
				ENABLE_OUTGOING_NETWORK_CONNECTIONS = YES;
				ENABLE_PREVIEWS = YES;
				ENABLE_RESOURCE_ACCESS_AUDIO_INPUT = NO;
				ENABLE_RESOURCE_ACCESS_BLUETOOTH = NO;
				ENABLE_RESOURCE_ACCESS_CALENDARS = NO;
				ENABLE_RESOURCE_ACCESS_CAMERA = NO;
				ENABLE_RESOURCE_ACCESS_CONTACTS = NO;
				ENABLE_RESOURCE_ACCESS_LOCATION = NO;
				ENABLE_RESOURCE_ACCESS_PRINTING = NO;
				ENABLE_RESOURCE_ACCESS_USB = NO;
				ENABLE_USER_SELECTED_FILES = readwrite;
				FRAMEWORK_SEARCH_PATHS = (
					"$(inherited)",
					"$(PROJECT_DIR)/libs",
				);
				GENERATE_INFOPLIST_FILE = YES;
				INFOPLIST_FILE = macOS/Info.plist;
				INFOPLIST_KEY_CFBundleDisplayName = uPic;
				INFOPLIST_KEY_LSApplicationCategoryType = "public.app-category.utilities";
				INFOPLIST_KEY_LSUIElement = YES;
				INFOPLIST_KEY_NSHumanReadableCopyright = "";
				LD_RUNPATH_SEARCH_PATHS = (
					"$(inherited)",
					"@executable_path/../Frameworks",
				);
				MACOSX_DEPLOYMENT_TARGET = 15;
				MARKETING_VERSION = 2.0.0;
				PRODUCT_BUNDLE_IDENTIFIER = com.svend.uPic.macos;
				PRODUCT_NAME = uPic;
				REGISTER_APP_GROUPS = YES;
				STRING_CATALOG_GENERATE_SYMBOLS = YES;
				SWIFT_APPROACHABLE_CONCURRENCY = YES;
				SWIFT_DEFAULT_ACTOR_ISOLATION = MainActor;
				SWIFT_EMIT_LOC_STRINGS = YES;
				SWIFT_UPCOMING_FEATURE_MEMBER_IMPORT_VISIBILITY = YES;
				SWIFT_VERSION = 5.0;
			};
			name = Debug;
		};
		961848832EB09471005BD3AC /* Release */ = {
			isa = XCBuildConfiguration;
			buildSettings = {
				ASSETCATALOG_COMPILER_APPICON_NAME = uPic;
				ASSETCATALOG_COMPILER_GLOBAL_ACCENT_COLOR_NAME = AccentColor;
				CODE_SIGN_ENTITLEMENTS = macOS/uPic.entitlements;
				"CODE_SIGN_IDENTITY[sdk=macosx*]" = "Apple Development";
				CODE_SIGN_STYLE = Automatic;
				COMBINE_HIDPI_IMAGES = YES;
				CURRENT_PROJECT_VERSION = 1;
				DEAD_CODE_STRIPPING = YES;
				DEVELOPMENT_TEAM = W863J6W8DZ;
				ENABLE_APP_SANDBOX = YES;
				ENABLE_HARDENED_RUNTIME = YES;
				ENABLE_INCOMING_NETWORK_CONNECTIONS = NO;
				ENABLE_OUTGOING_NETWORK_CONNECTIONS = YES;
				ENABLE_PREVIEWS = YES;
				ENABLE_RESOURCE_ACCESS_AUDIO_INPUT = NO;
				ENABLE_RESOURCE_ACCESS_BLUETOOTH = NO;
				ENABLE_RESOURCE_ACCESS_CALENDARS = NO;
				ENABLE_RESOURCE_ACCESS_CAMERA = NO;
				ENABLE_RESOURCE_ACCESS_CONTACTS = NO;
				ENABLE_RESOURCE_ACCESS_LOCATION = NO;
				ENABLE_RESOURCE_ACCESS_PRINTING = NO;
				ENABLE_RESOURCE_ACCESS_USB = NO;
				ENABLE_USER_SELECTED_FILES = readwrite;
				FRAMEWORK_SEARCH_PATHS = (
					"$(inherited)",
					"$(PROJECT_DIR)/libs",
				);
				GENERATE_INFOPLIST_FILE = YES;
				INFOPLIST_FILE = macOS/Info.plist;
				INFOPLIST_KEY_CFBundleDisplayName = uPic;
				INFOPLIST_KEY_LSApplicationCategoryType = "public.app-category.utilities";
				INFOPLIST_KEY_LSUIElement = YES;
				INFOPLIST_KEY_NSHumanReadableCopyright = "";
				LD_RUNPATH_SEARCH_PATHS = (
					"$(inherited)",
					"@executable_path/../Frameworks",
				);
				MACOSX_DEPLOYMENT_TARGET = 15;
				MARKETING_VERSION = 2.0.0;
				PRODUCT_BUNDLE_IDENTIFIER = com.svend.uPic.macos;
				PRODUCT_NAME = uPic;
				REGISTER_APP_GROUPS = YES;
				STRING_CATALOG_GENERATE_SYMBOLS = YES;
				SWIFT_APPROACHABLE_CONCURRENCY = YES;
				SWIFT_DEFAULT_ACTOR_ISOLATION = MainActor;
				SWIFT_EMIT_LOC_STRINGS = YES;
				SWIFT_UPCOMING_FEATURE_MEMBER_IMPORT_VISIBILITY = YES;
				SWIFT_VERSION = 5.0;
			};
			name = Release;
		};
		968762842EBAF1AA001BDC0B /* Debug */ = {
			isa = XCBuildConfiguration;
			buildSettings = {
				CODE_SIGN_ENTITLEMENTS = uPicActionExtension/uPicActionExtension.entitlements;
				CODE_SIGN_STYLE = Automatic;
				COMBINE_HIDPI_IMAGES = YES;
				CURRENT_PROJECT_VERSION = 1;
				DEVELOPMENT_TEAM = W863J6W8DZ;
				ENABLE_APP_SANDBOX = YES;
				ENABLE_HARDENED_RUNTIME = YES;
				ENABLE_INCOMING_NETWORK_CONNECTIONS = NO;
				ENABLE_OUTGOING_NETWORK_CONNECTIONS = YES;
				ENABLE_RESOURCE_ACCESS_AUDIO_INPUT = NO;
				ENABLE_RESOURCE_ACCESS_BLUETOOTH = NO;
				ENABLE_RESOURCE_ACCESS_CALENDARS = NO;
				ENABLE_RESOURCE_ACCESS_CAMERA = NO;
				ENABLE_RESOURCE_ACCESS_CONTACTS = NO;
				ENABLE_RESOURCE_ACCESS_LOCATION = NO;
				ENABLE_RESOURCE_ACCESS_PRINTING = NO;
				ENABLE_RESOURCE_ACCESS_USB = NO;
				ENABLE_USER_SELECTED_FILES = readwrite;
				GENERATE_INFOPLIST_FILE = YES;
				INFOPLIST_FILE = uPicActionExtension/Info.plist;
				INFOPLIST_KEY_CFBundleDisplayName = "Upload via uPic";
				INFOPLIST_KEY_NSHumanReadableCopyright = "";
				LD_RUNPATH_SEARCH_PATHS = (
					"$(inherited)",
					"@executable_path/../Frameworks",
					"@executable_path/../../../../Frameworks",
				);
				MACOSX_DEPLOYMENT_TARGET = 15;
				MARKETING_VERSION = 2.0.0;
				PRODUCT_BUNDLE_IDENTIFIER = com.svend.uPic.macos.uPicActionExtension;
				PRODUCT_NAME = "$(TARGET_NAME)";
				REGISTER_APP_GROUPS = YES;
				SKIP_INSTALL = YES;
				STRING_CATALOG_GENERATE_SYMBOLS = YES;
				SWIFT_APPROACHABLE_CONCURRENCY = YES;
				SWIFT_EMIT_LOC_STRINGS = YES;
				SWIFT_UPCOMING_FEATURE_MEMBER_IMPORT_VISIBILITY = YES;
				SWIFT_VERSION = 5.0;
			};
			name = Debug;
		};
		968762852EBAF1AA001BDC0B /* Release */ = {
			isa = XCBuildConfiguration;
			buildSettings = {
				CODE_SIGN_ENTITLEMENTS = uPicActionExtension/uPicActionExtension.entitlements;
				CODE_SIGN_STYLE = Automatic;
				COMBINE_HIDPI_IMAGES = YES;
				CURRENT_PROJECT_VERSION = 1;
				DEVELOPMENT_TEAM = W863J6W8DZ;
				ENABLE_APP_SANDBOX = YES;
				ENABLE_HARDENED_RUNTIME = YES;
				ENABLE_INCOMING_NETWORK_CONNECTIONS = NO;
				ENABLE_OUTGOING_NETWORK_CONNECTIONS = YES;
				ENABLE_RESOURCE_ACCESS_AUDIO_INPUT = NO;
				ENABLE_RESOURCE_ACCESS_BLUETOOTH = NO;
				ENABLE_RESOURCE_ACCESS_CALENDARS = NO;
				ENABLE_RESOURCE_ACCESS_CAMERA = NO;
				ENABLE_RESOURCE_ACCESS_CONTACTS = NO;
				ENABLE_RESOURCE_ACCESS_LOCATION = NO;
				ENABLE_RESOURCE_ACCESS_PRINTING = NO;
				ENABLE_RESOURCE_ACCESS_USB = NO;
				ENABLE_USER_SELECTED_FILES = readwrite;
				GENERATE_INFOPLIST_FILE = YES;
				INFOPLIST_FILE = uPicActionExtension/Info.plist;
				INFOPLIST_KEY_CFBundleDisplayName = "Upload via uPic";
				INFOPLIST_KEY_NSHumanReadableCopyright = "";
				LD_RUNPATH_SEARCH_PATHS = (
					"$(inherited)",
					"@executable_path/../Frameworks",
					"@executable_path/../../../../Frameworks",
				);
				MACOSX_DEPLOYMENT_TARGET = 15;
				MARKETING_VERSION = 2.0.0;
				PRODUCT_BUNDLE_IDENTIFIER = com.svend.uPic.macos.uPicActionExtension;
				PRODUCT_NAME = "$(TARGET_NAME)";
				REGISTER_APP_GROUPS = YES;
				SKIP_INSTALL = YES;
				STRING_CATALOG_GENERATE_SYMBOLS = YES;
				SWIFT_APPROACHABLE_CONCURRENCY = YES;
				SWIFT_EMIT_LOC_STRINGS = YES;
				SWIFT_UPCOMING_FEATURE_MEMBER_IMPORT_VISIBILITY = YES;
				SWIFT_VERSION = 5.0;
			};
			name = Release;
		};
		96A829C42EB8D89C001FE480 /* Debug */ = {
			isa = XCBuildConfiguration;
			buildSettings = {
				CODE_SIGN_ENTITLEMENTS = uPicShareExtension/uPicShareExtension.entitlements;
				CODE_SIGN_STYLE = Automatic;
				COMBINE_HIDPI_IMAGES = YES;
				CURRENT_PROJECT_VERSION = 1;
				DEAD_CODE_STRIPPING = YES;
				DEVELOPMENT_TEAM = W863J6W8DZ;
				ENABLE_APP_SANDBOX = YES;
				ENABLE_HARDENED_RUNTIME = YES;
				ENABLE_INCOMING_NETWORK_CONNECTIONS = NO;
				ENABLE_OUTGOING_NETWORK_CONNECTIONS = YES;
				ENABLE_RESOURCE_ACCESS_AUDIO_INPUT = NO;
				ENABLE_RESOURCE_ACCESS_BLUETOOTH = NO;
				ENABLE_RESOURCE_ACCESS_CALENDARS = NO;
				ENABLE_RESOURCE_ACCESS_CAMERA = NO;
				ENABLE_RESOURCE_ACCESS_CONTACTS = NO;
				ENABLE_RESOURCE_ACCESS_LOCATION = NO;
				ENABLE_RESOURCE_ACCESS_PRINTING = NO;
				ENABLE_RESOURCE_ACCESS_USB = NO;
				ENABLE_USER_SELECTED_FILES = readwrite;
				GENERATE_INFOPLIST_FILE = YES;
				INFOPLIST_FILE = uPicShareExtension/Info.plist;
				INFOPLIST_KEY_CFBundleDisplayName = "Upload via uPic";
				INFOPLIST_KEY_NSHumanReadableCopyright = "";
				LD_RUNPATH_SEARCH_PATHS = (
					"$(inherited)",
					"@executable_path/../Frameworks",
					"@executable_path/../../../../Frameworks",
				);
				MACOSX_DEPLOYMENT_TARGET = 15;
				MARKETING_VERSION = 2.0.0;
				PRODUCT_BUNDLE_IDENTIFIER = com.svend.uPic.macos.uPicShareExtension;
				PRODUCT_NAME = "$(TARGET_NAME)";
				REGISTER_APP_GROUPS = YES;
				SKIP_INSTALL = YES;
				STRING_CATALOG_GENERATE_SYMBOLS = YES;
				SWIFT_APPROACHABLE_CONCURRENCY = YES;
				SWIFT_EMIT_LOC_STRINGS = YES;
				SWIFT_UPCOMING_FEATURE_MEMBER_IMPORT_VISIBILITY = YES;
				SWIFT_VERSION = 5.0;
			};
			name = Debug;
		};
		96A829C52EB8D89C001FE480 /* Release */ = {
			isa = XCBuildConfiguration;
			buildSettings = {
				CODE_SIGN_ENTITLEMENTS = uPicShareExtension/uPicShareExtension.entitlements;
				CODE_SIGN_STYLE = Automatic;
				COMBINE_HIDPI_IMAGES = YES;
				CURRENT_PROJECT_VERSION = 1;
				DEAD_CODE_STRIPPING = YES;
				DEVELOPMENT_TEAM = W863J6W8DZ;
				ENABLE_APP_SANDBOX = YES;
				ENABLE_HARDENED_RUNTIME = YES;
				ENABLE_INCOMING_NETWORK_CONNECTIONS = NO;
				ENABLE_OUTGOING_NETWORK_CONNECTIONS = YES;
				ENABLE_RESOURCE_ACCESS_AUDIO_INPUT = NO;
				ENABLE_RESOURCE_ACCESS_BLUETOOTH = NO;
				ENABLE_RESOURCE_ACCESS_CALENDARS = NO;
				ENABLE_RESOURCE_ACCESS_CAMERA = NO;
				ENABLE_RESOURCE_ACCESS_CONTACTS = NO;
				ENABLE_RESOURCE_ACCESS_LOCATION = NO;
				ENABLE_RESOURCE_ACCESS_PRINTING = NO;
				ENABLE_RESOURCE_ACCESS_USB = NO;
				ENABLE_USER_SELECTED_FILES = readwrite;
				GENERATE_INFOPLIST_FILE = YES;
				INFOPLIST_FILE = uPicShareExtension/Info.plist;
				INFOPLIST_KEY_CFBundleDisplayName = "Upload via uPic";
				INFOPLIST_KEY_NSHumanReadableCopyright = "";
				LD_RUNPATH_SEARCH_PATHS = (
					"$(inherited)",
					"@executable_path/../Frameworks",
					"@executable_path/../../../../Frameworks",
				);
				MACOSX_DEPLOYMENT_TARGET = 15;
				MARKETING_VERSION = 2.0.0;
				PRODUCT_BUNDLE_IDENTIFIER = com.svend.uPic.macos.uPicShareExtension;
				PRODUCT_NAME = "$(TARGET_NAME)";
				REGISTER_APP_GROUPS = YES;
				SKIP_INSTALL = YES;
				STRING_CATALOG_GENERATE_SYMBOLS = YES;
				SWIFT_APPROACHABLE_CONCURRENCY = YES;
				SWIFT_EMIT_LOC_STRINGS = YES;
				SWIFT_UPCOMING_FEATURE_MEMBER_IMPORT_VISIBILITY = YES;
				SWIFT_VERSION = 5.0;
			};
			name = Release;
		};
/* End XCBuildConfiguration section */

/* Begin XCConfigurationList section */
		9602EC7F2EBB214C004AE3E6 /* Build configuration list for PBXNativeTarget "uPicAppIntentsExtension" */ = {
			isa = XCConfigurationList;
			buildConfigurations = (
				9602EC802EBB214C004AE3E6 /* Debug */,
				9602EC812EBB214C004AE3E6 /* Release */,
			);
			defaultConfigurationIsVisible = 0;
			defaultConfigurationName = Release;
		};
		9618486F2EB09470005BD3AC /* Build configuration list for PBXProject "uPic" */ = {
			isa = XCConfigurationList;
			buildConfigurations = (
				9618487F2EB09471005BD3AC /* Debug */,
				961848802EB09471005BD3AC /* Release */,
			);
			defaultConfigurationIsVisible = 0;
			defaultConfigurationName = Release;
		};
		961848812EB09471005BD3AC /* Build configuration list for PBXNativeTarget "uPic(macOS)" */ = {
			isa = XCConfigurationList;
			buildConfigurations = (
				961848822EB09471005BD3AC /* Debug */,
				961848832EB09471005BD3AC /* Release */,
			);
			defaultConfigurationIsVisible = 0;
			defaultConfigurationName = Release;
		};
		968762832EBAF1AA001BDC0B /* Build configuration list for PBXNativeTarget "uPicActionExtension" */ = {
			isa = XCConfigurationList;
			buildConfigurations = (
				968762842EBAF1AA001BDC0B /* Debug */,
				968762852EBAF1AA001BDC0B /* Release */,
			);
			defaultConfigurationIsVisible = 0;
			defaultConfigurationName = Release;
		};
		96A829C32EB8D89C001FE480 /* Build configuration list for PBXNativeTarget "uPicShareExtension" */ = {
			isa = XCConfigurationList;
			buildConfigurations = (
				96A829C42EB8D89C001FE480 /* Debug */,
				96A829C52EB8D89C001FE480 /* Release */,
			);
			defaultConfigurationIsVisible = 0;
			defaultConfigurationName = Release;
		};
/* End XCConfigurationList section */

/* Begin XCRemoteSwiftPackageReference section */
		1633E8C82EE6751D0036665C /* XCRemoteSwiftPackageReference "swift-argument-parser" */ = {
			isa = XCRemoteSwiftPackageReference;
			repositoryURL = "https://github.com/apple/swift-argument-parser.git";
			requirement = {
				kind = upToNextMajorVersion;
				minimumVersion = 1.6.2;
			};
		};
		16ACA5492EE967800082417E /* XCRemoteSwiftPackageReference "UPicCore" */ = {
			isa = XCRemoteSwiftPackageReference;
			repositoryURL = "https://github.com/Bigwig-Club/UPicCore.git";
			requirement = {
				branch = next;
				kind = branch;
			};
		};
		961848842EB09488005BD3AC /* XCRemoteSwiftPackageReference "KeyboardShortcuts" */ = {
			isa = XCRemoteSwiftPackageReference;
			repositoryURL = "https://github.com/sindresorhus/KeyboardShortcuts";
			requirement = {
				kind = upToNextMajorVersion;
				minimumVersion = 2.4.0;
			};
		};
		961848872EB094A4005BD3AC /* XCRemoteSwiftPackageReference "LaunchAtLogin-Modern" */ = {
			isa = XCRemoteSwiftPackageReference;
			repositoryURL = "https://github.com/sindresorhus/LaunchAtLogin-Modern";
			requirement = {
				kind = upToNextMajorVersion;
				minimumVersion = 1.1.0;
			};
		};
		9618488A2EB094B0005BD3AC /* XCRemoteSwiftPackageReference "SimpleLogger" */ = {
			isa = XCRemoteSwiftPackageReference;
			repositoryURL = "https://github.com/fatbobman/SimpleLogger";
			requirement = {
				kind = upToNextMajorVersion;
				minimumVersion = 0.8.0;
			};
		};
		9618488D2EB094C0005BD3AC /* XCRemoteSwiftPackageReference "Defaults" */ = {
			isa = XCRemoteSwiftPackageReference;
			repositoryURL = "https://github.com/sindresorhus/Defaults";
			requirement = {
				kind = upToNextMajorVersion;
				minimumVersion = 9.0.6;
			};
		};
		9666F3F22EB236570076A227 /* XCRemoteSwiftPackageReference "MenuBarExtraAccess" */ = {
			isa = XCRemoteSwiftPackageReference;
			repositoryURL = "https://github.com/orchetect/MenuBarExtraAccess";
			requirement = {
				kind = upToNextMajorVersion;
				minimumVersion = 1.2.2;
			};
		};
/* End XCRemoteSwiftPackageReference section */

/* Begin XCSwiftPackageProductDependency section */
		1633E8C92EE6751D0036665C /* ArgumentParser */ = {
			isa = XCSwiftPackageProductDependency;
			package = 1633E8C82EE6751D0036665C /* XCRemoteSwiftPackageReference "swift-argument-parser" */;
			productName = ArgumentParser;
		};
		16ACA54A2EE967800082417E /* UPicCore */ = {
			isa = XCSwiftPackageProductDependency;
			package = 16ACA5492EE967800082417E /* XCRemoteSwiftPackageReference "UPicCore" */;
			productName = UPicCore;
		};
		9602EC832EBB2156004AE3E6 /* SimpleLogger */ = {
			isa = XCSwiftPackageProductDependency;
			package = 9618488A2EB094B0005BD3AC /* XCRemoteSwiftPackageReference "SimpleLogger" */;
			productName = SimpleLogger;
		};
		961848852EB09488005BD3AC /* KeyboardShortcuts */ = {
			isa = XCSwiftPackageProductDependency;
			package = 961848842EB09488005BD3AC /* XCRemoteSwiftPackageReference "KeyboardShortcuts" */;
			productName = KeyboardShortcuts;
		};
		961848882EB094A4005BD3AC /* LaunchAtLogin */ = {
			isa = XCSwiftPackageProductDependency;
			package = 961848872EB094A4005BD3AC /* XCRemoteSwiftPackageReference "LaunchAtLogin-Modern" */;
			productName = LaunchAtLogin;
		};
		9618488B2EB094B0005BD3AC /* SimpleLogger */ = {
			isa = XCSwiftPackageProductDependency;
			package = 9618488A2EB094B0005BD3AC /* XCRemoteSwiftPackageReference "SimpleLogger" */;
			productName = SimpleLogger;
		};
		9618488E2EB094C0005BD3AC /* Defaults */ = {
			isa = XCSwiftPackageProductDependency;
			package = 9618488D2EB094C0005BD3AC /* XCRemoteSwiftPackageReference "Defaults" */;
			productName = Defaults;
		};
		9640CD6D2EB09C30003BF4FB /* UPicCore */ = {
			isa = XCSwiftPackageProductDependency;
			productName = UPicCore;
		};
		9666F3F32EB236570076A227 /* MenuBarExtraAccess */ = {
			isa = XCSwiftPackageProductDependency;
			package = 9666F3F22EB236570076A227 /* XCRemoteSwiftPackageReference "MenuBarExtraAccess" */;
			productName = MenuBarExtraAccess;
		};
		968762872EBAF1BC001BDC0B /* SimpleLogger */ = {
			isa = XCSwiftPackageProductDependency;
			package = 9618488A2EB094B0005BD3AC /* XCRemoteSwiftPackageReference "SimpleLogger" */;
			productName = SimpleLogger;
		};
		96A829CA2EB8E117001FE480 /* SimpleLogger */ = {
			isa = XCSwiftPackageProductDependency;
			package = 9618488A2EB094B0005BD3AC /* XCRemoteSwiftPackageReference "SimpleLogger" */;
			productName = SimpleLogger;
		};
/* End XCSwiftPackageProductDependency section */
	};
	rootObject = 9618486C2EB09470005BD3AC /* Project object */;
}
